{
  "name": "ks",
  "version": "1.0.0",
  "lockfileVersion": 3,
  "requires": true,
  "packages": {
    "": {
      "name": "ks",
      "version": "1.0.0",
      "license": "ISC",
      "dependencies": {
        "hono": "^4.13.7",
        "zod": "^4.5.4"
      }
    },
    "node_modules/hono": {
      "version": "4.13.7",
      "resolved": "https://registry.npmjs.org/hono/-/hono-4.13.7.tgz",
      "integrity": "sha512-c8/gF9ac8Y78/agExVocyLevgR+JlpNB444Py0FSX8pJoPdYUfUzRcXtYEYGwt6l19qIlVZPN5Mfsw9jFShmQQ==",
      "license": "MIT",
      "engines": {
        "node": ">=16.9.0"
      }
    },
    "node_modules/zod": {
      "version": "4.5.4",
      "resolved": "https://registry.npmjs.org/zod/-/zod-4.5.4.tgz",
      "integrity": "sha512-sC95tT5iHHH9gtpj6A81kh+NEaRAUFN+qlUPDUbRfOMvNf5QCBqsb3WgvnpVtK5Y+4UfA6KqufotuTvMGiTlsA==",
      "license": "MIT",
      "funding": {
        "url": "https://github.com/sponsors/colinhacks"
      }
    }
  }
}
